# Windows CPython 3.12 x64: complete version pins, verified against installed metadata in CI.
# Runtime/test dependencies from the Linux lock; Windows extras from run 37281883663.
# Build backend matches pyproject.toml; pip is pinned as installation tooling.
annotated-doc==0.0.5
annotated-types==0.8.0
anyio==4.15.1
certifi==2026.7.22
click==8.5.0
fastapi==0.135.1
greenlet==3.5.6
h11==0.16.0
httpcore==1.0.9
httpx==0.28.1
idna==3.20
iniconfig==2.3.0
librt==0.16.0
mypy==1.19.1
mypy_extensions==1.1.0
packaging==26.3
pathspec==1.1.1
pluggy==1.6.0
psutil==7.2.2
psycopg==3.3.3
psycopg-binary==3.3.3
pydantic==2.12.5
pydantic_core==2.41.5
Pygments==2.21.0
pytest==9.0.2
ruff==0.15.6
SQLAlchemy==2.0.48
starlette==1.7.0
typing-inspection==0.4.4
typing_extensions==4.16.0
uvicorn==0.42.0
colorama==0.4.6
tzdata==2026.5
setuptools==82.0.1
pip==25.0.1
